
Microsoft Visual Studio Solution File, Format Version 12.00
# Visual Studio Version 17
VisualStudioVersion = 17.14.37012.4
MinimumVisualStudioVersion = 10.0.40219.1
Project("{FAE04EC0-301F-11D3-BF4B-00C04F79EFBC}") = "NerisSharp", "NerisSharp\NerisSharp.csproj", "{207177C1-F71B-4FA1-907D-CEC5960D83E5}"
EndProject
Project("{FAE04EC0-301F-11D3-BF4B-00C04F79EFBC}") = "TestProject", "TestProject\TestProject.csproj", "{C462D51D-29DC-4D91-BB11-CCEF17FD6872}"
EndProject
Project("{FAE04EC0-301F-11D3-BF4B-00C04F79EFBC}") = "NerisSharpTest", "NerisSharpTest\NerisSharpTest.csproj", "{074E05C0-35CE-4E18-9B56-E4FA6B4C6EAD}"
EndProject
Global
	GlobalSection(SolutionConfigurationPlatforms) = preSolution
		Debug|Any CPU = Debug|Any CPU
		Release|Any CPU = Release|Any CPU
	EndGlobalSection
	GlobalSection(ProjectConfigurationPlatforms) = postSolution
		{207177C1-F71B-4FA1-907D-CEC5960D83E5}.Debug|Any CPU.ActiveCfg = Debug|Any CPU
		{207177C1-F71B-4FA1-907D-CEC5960D83E5}.Debug|Any CPU.Build.0 = Debug|Any CPU
		{207177C1-F71B-4FA1-907D-CEC5960D83E5}.Release|Any CPU.ActiveCfg = Release|Any CPU
		{207177C1-F71B-4FA1-907D-CEC5960D83E5}.Release|Any CPU.Build.0 = Release|Any CPU
		{C462D51D-29DC-4D91-BB11-CCEF17FD6872}.Debug|Any CPU.ActiveCfg = Debug|Any CPU
		{C462D51D-29DC-4D91-BB11-CCEF17FD6872}.Debug|Any CPU.Build.0 = Debug|Any CPU
		{C462D51D-29DC-4D91-BB11-CCEF17FD6872}.Release|Any CPU.ActiveCfg = Release|Any CPU
		{C462D51D-29DC-4D91-BB11-CCEF17FD6872}.Release|Any CPU.Build.0 = Release|Any CPU
		{074E05C0-35CE-4E18-9B56-E4FA6B4C6EAD}.Debug|Any CPU.ActiveCfg = Debug|Any CPU
		{074E05C0-35CE-4E18-9B56-E4FA6B4C6EAD}.Debug|Any CPU.Build.0 = Debug|Any CPU
		{074E05C0-35CE-4E18-9B56-E4FA6B4C6EAD}.Release|Any CPU.ActiveCfg = Release|Any CPU
		{074E05C0-35CE-4E18-9B56-E4FA6B4C6EAD}.Release|Any CPU.Build.0 = Release|Any CPU
	EndGlobalSection
	GlobalSection(SolutionProperties) = preSolution
		HideSolutionNode = FALSE
	EndGlobalSection
	GlobalSection(ExtensibilityGlobals) = postSolution
		SolutionGuid = {977E30D4-3A3D-400D-803E-26690FDF689B}
	EndGlobalSection
EndGlobal
